{
  "version": "5",
  "remote": {
    "https://esm.sh/@supabase/supabase-js@2.45.0": "36ae57c3f2dc3f94fd122a846b40a87114d29bb2f47e910cb46bee5575febf2e"
  },
  "workspace": {
    "packageJson": {
      "dependencies": [
        "npm:@dnd-kit/core@^6.3.1",
        "npm:@dnd-kit/sortable@10",
        "npm:@dnd-kit/utilities@^3.2.2",
        "npm:@fontsource/inter@^5.2.8",
        "npm:@fontsource/tinos@^5.2.7",
        "npm:@hookform/resolvers@^5.2.2",
        "npm:@lhci/cli@~0.15.1",
        "npm:@playwright/test@^1.57.0",
        "npm:@sentry/react@^10.55.0",
        "npm:@sparticuz/chromium@153",
        "npm:@supabase/supabase-js@^2.106.2",
        "npm:@tanstack/query-core@^5.83.1",
        "npm:@tanstack/query-sync-storage-persister@^5.100.13",
        "npm:@tanstack/react-query-persist-client@^5.100.13",
        "npm:@tanstack/react-query@^5.51.1",
        "npm:@testing-library/jest-dom@^6.9.1",
        "npm:@testing-library/react@^16.3.0",
        "npm:@types/canvas-confetti@^1.9.0",
        "npm:@types/jspdf@^1.3.3",
        "npm:@types/node@^22.14.0",
        "npm:@types/qrcode@^1.5.6",
        "npm:@types/react-dom@^18.3.0",
        "npm:@types/react@^18.3.3",
        "npm:@typescript-eslint/eslint-plugin@^8.50.1",
        "npm:@typescript-eslint/parser@^8.50.1",
        "npm:@vitejs/plugin-react@^4.2.1",
        "npm:@vitest/browser-playwright@^4.0.14",
        "npm:@vitest/coverage-v8@^4.0.14",
        "npm:autoprefixer@^10.4.21",
        "npm:browser-image-compression@^2.0.2",
        "npm:canvas-confetti@^1.9.4",
        "npm:cross-env@^10.1.0",
        "npm:date-fns@^4.4.0",
        "npm:docx@^9.7.2",
        "npm:dompurify@^3.4.7",
        "npm:eslint-config-prettier@^10.1.8",
        "npm:eslint-plugin-prettier@^5.5.4",
        "npm:eslint-plugin-react-hooks@^7.0.1",
        "npm:eslint-plugin-react-refresh@~0.4.26",
        "npm:eslint-plugin-react@^7.37.5",
        "npm:eslint-plugin-unused-imports@^4.4.1",
        "npm:eslint@^9.39.2",
        "npm:exceljs@^4.4.0",
        "npm:fast-check@^4.4.0",
        "npm:framer-motion@^12.40.0",
        "npm:globals@^16.5.0",
        "npm:html2canvas@^1.4.1",
        "npm:ics@^3.8.1",
        "npm:jsdom@^27.2.0",
        "npm:jspdf-autotable@^5.0.2",
        "npm:jspdf@^4.2.1",
        "npm:lucide-react@0.475",
        "npm:mermaid@^11.12.2",
        "npm:parse5@^8.0.1",
        "npm:pg@^8.22.0",
        "npm:playwright@^1.57.0",
        "npm:postcss@^8.5.6",
        "npm:prettier@^3.7.4",
        "npm:puppeteer-core@^25.12.0",
        "npm:qrcode@^1.5.4",
        "npm:react-dom@^18.3.1",
        "npm:react-hook-form@^7.66.1",
        "npm:react-router-dom@^6.30.4",
        "npm:react-to-print@^3.2.0",
        "npm:react@^18.3.1",
        "npm:recharts@^3.10.1",
        "npm:rollup-plugin-visualizer@^6.0.5",
        "npm:sharp@~0.34.5",
        "npm:tailwindcss@^3.4.17",
        "npm:typedoc@~0.28.15",
        "npm:typescript-eslint@^8.50.1",
        "npm:typescript@~5.8.2",
        "npm:vite-plugin-pwa@^1.1.0",
        "npm:vite@^6.2.0",
        "npm:vitest@^4.0.14",
        "npm:web-push@^3.6.7",
        "npm:workbox-core@^7.4.0",
        "npm:workbox-precaching@^7.4.0",
        "npm:workbox-routing@^7.4.0",
        "npm:workbox-window@^7.4.0",
        "npm:zod@^4.1.13"
      ],
      "overrides": {
        "dompurify": "^3.4.7",
        "@xmldom/xmldom": "^0.9.8"
      }
    }
  }
}
